
Microsoft Visual Studio Solution File, Format Version 12.00
# Visual Studio Version 17
VisualStudioVersion = 17.0.31912.275
MinimumVisualStudioVersion = 10.0.40219.1
Project("{9A19103F-16F7-4668-BE54-9A1E7A4F7556}") = "Day1a", "Day1\Day1a.csproj", "{013E631E-BCE1-4759-BB37-FFCB1A3F1369}"
EndProject
Project("{9A19103F-16F7-4668-BE54-9A1E7A4F7556}") = "Day1b", "Day1b\Day1b.csproj", "{96802AB5-71EA-472A-94F1-0F42582D55D0}"
EndProject
Project("{9A19103F-16F7-4668-BE54-9A1E7A4F7556}") = "Day2b", "Day2a\Day2b.csproj", "{19A5064F-F775-43E5-A61D-A6F07305A900}"
EndProject
Project("{9A19103F-16F7-4668-BE54-9A1E7A4F7556}") = "Day3a", "Day3a\Day3a.csproj", "{DB96D863-A7AC-401E-82F1-6460E203624F}"
EndProject
Project("{9A19103F-16F7-4668-BE54-9A1E7A4F7556}") = "Day3b", "Day3b\Day3b.csproj", "{3DF79B14-9493-40AD-9961-44464805DB74}"
EndProject
Project("{9A19103F-16F7-4668-BE54-9A1E7A4F7556}") = "Day4a", "Day4a\Day4a.csproj", "{D8B3DBCA-099A-4716-A07F-5128814E2DE7}"
EndProject
Project("{9A19103F-16F7-4668-BE54-9A1E7A4F7556}") = "Day4b", "Day4b\Day4b.csproj", "{A35A48D2-C075-4DB6-91BC-53DFAF4705A0}"
EndProject
Project("{9A19103F-16F7-4668-BE54-9A1E7A4F7556}") = "Day5a", "Day5a\Day5a.csproj", "{7C681F46-BADF-4EB3-9AC9-F293E4C46311}"
EndProject
Project("{9A19103F-16F7-4668-BE54-9A1E7A4F7556}") = "Day5b", "Day5b\Day5b.csproj", "{6CD142A6-FE2C-4396-AB5A-7289431385AA}"
EndProject
Project("{9A19103F-16F7-4668-BE54-9A1E7A4F7556}") = "Day6a", "Day6a\Day6a.csproj", "{E7705A76-7935-4796-9771-DA5D6F95E47C}"
EndProject
Project("{9A19103F-16F7-4668-BE54-9A1E7A4F7556}") = "Day6b", "Day6b\Day6b.csproj", "{0667A232-9849-4E2B-B2B6-AF67DE22A898}"
EndProject
Project("{9A19103F-16F7-4668-BE54-9A1E7A4F7556}") = "Day7a", "Day7a\Day7a.csproj", "{27CE0001-C054-47C7-B1AC-C4C56F955902}"
EndProject
Project("{9A19103F-16F7-4668-BE54-9A1E7A4F7556}") = "Day7b", "Day7b\Day7b.csproj", "{D83F1602-B500-4B83-A1E2-5317CEE19D92}"
EndProject
Project("{9A19103F-16F7-4668-BE54-9A1E7A4F7556}") = "Day8a", "Day8a\Day8a.csproj", "{A14DF8DF-3D07-46D5-97D9-25AC0ED4CAC1}"
EndProject
Project("{9A19103F-16F7-4668-BE54-9A1E7A4F7556}") = "Day8b", "Day8b\Day8b.csproj", "{42C0C3F8-0B6F-410B-946B-7D49AF2675A2}"
EndProject
Project("{9A19103F-16F7-4668-BE54-9A1E7A4F7556}") = "Day9a", "Day9a\Day9a.csproj", "{55957354-BD7B-40B2-B3EA-9ED47951DC44}"
EndProject
Project("{9A19103F-16F7-4668-BE54-9A1E7A4F7556}") = "Day9b", "Day9b\Day9b.csproj", "{9795E4A0-6237-41A4-9CE6-9602E3533078}"
EndProject
Project("{FAE04EC0-301F-11D3-BF4B-00C04F79EFBC}") = "Day10a", "Day10a\Day10a.csproj", "{6687BFC6-90E6-49A3-8DC8-EE6306504D9D}"
EndProject
Project("{FAE04EC0-301F-11D3-BF4B-00C04F79EFBC}") = "Day10b", "Day10b\Day10b.csproj", "{8A8BB13E-886A-403F-B3BB-27659F40E28B}"
EndProject
Global
	GlobalSection(SolutionConfigurationPlatforms) = preSolution
		Debug|Any CPU = Debug|Any CPU
		Release|Any CPU = Release|Any CPU
	EndGlobalSection
	GlobalSection(ProjectConfigurationPlatforms) = postSolution
		{013E631E-BCE1-4759-BB37-FFCB1A3F1369}.Debug|Any CPU.ActiveCfg = Debug|Any CPU
		{013E631E-BCE1-4759-BB37-FFCB1A3F1369}.Debug|Any CPU.Build.0 = Debug|Any CPU
		{013E631E-BCE1-4759-BB37-FFCB1A3F1369}.Release|Any CPU.ActiveCfg = Release|Any CPU
		{013E631E-BCE1-4759-BB37-FFCB1A3F1369}.Release|Any CPU.Build.0 = Release|Any CPU
		{96802AB5-71EA-472A-94F1-0F42582D55D0}.Debug|Any CPU.ActiveCfg = Debug|Any CPU
		{96802AB5-71EA-472A-94F1-0F42582D55D0}.Debug|Any CPU.Build.0 = Debug|Any CPU
		{96802AB5-71EA-472A-94F1-0F42582D55D0}.Release|Any CPU.ActiveCfg = Release|Any CPU
		{96802AB5-71EA-472A-94F1-0F42582D55D0}.Release|Any CPU.Build.0 = Release|Any CPU
		{19A5064F-F775-43E5-A61D-A6F07305A900}.Debug|Any CPU.ActiveCfg = Debug|Any CPU
		{19A5064F-F775-43E5-A61D-A6F07305A900}.Debug|Any CPU.Build.0 = Debug|Any CPU
		{19A5064F-F775-43E5-A61D-A6F07305A900}.Release|Any CPU.ActiveCfg = Release|Any CPU
		{19A5064F-F775-43E5-A61D-A6F07305A900}.Release|Any CPU.Build.0 = Release|Any CPU
		{DB96D863-A7AC-401E-82F1-6460E203624F}.Debug|Any CPU.ActiveCfg = Debug|Any CPU
		{DB96D863-A7AC-401E-82F1-6460E203624F}.Debug|Any CPU.Build.0 = Debug|Any CPU
		{DB96D863-A7AC-401E-82F1-6460E203624F}.Release|Any CPU.ActiveCfg = Release|Any CPU
		{DB96D863-A7AC-401E-82F1-6460E203624F}.Release|Any CPU.Build.0 = Release|Any CPU
		{3DF79B14-9493-40AD-9961-44464805DB74}.Debug|Any CPU.ActiveCfg = Debug|Any CPU
		{3DF79B14-9493-40AD-9961-44464805DB74}.Debug|Any CPU.Build.0 = Debug|Any CPU
		{3DF79B14-9493-40AD-9961-44464805DB74}.Release|Any CPU.ActiveCfg = Release|Any CPU
		{3DF79B14-9493-40AD-9961-44464805DB74}.Release|Any CPU.Build.0 = Release|Any CPU
		{D8B3DBCA-099A-4716-A07F-5128814E2DE7}.Debug|Any CPU.ActiveCfg = Debug|Any CPU
		{D8B3DBCA-099A-4716-A07F-5128814E2DE7}.Debug|Any CPU.Build.0 = Debug|Any CPU
		{D8B3DBCA-099A-4716-A07F-5128814E2DE7}.Release|Any CPU.ActiveCfg = Release|Any CPU
		{D8B3DBCA-099A-4716-A07F-5128814E2DE7}.Release|Any CPU.Build.0 = Release|Any CPU
		{A35A48D2-C075-4DB6-91BC-53DFAF4705A0}.Debug|Any CPU.ActiveCfg = Debug|Any CPU
		{A35A48D2-C075-4DB6-91BC-53DFAF4705A0}.Debug|Any CPU.Build.0 = Debug|Any CPU
		{A35A48D2-C075-4DB6-91BC-53DFAF4705A0}.Release|Any CPU.ActiveCfg = Release|Any CPU
		{A35A48D2-C075-4DB6-91BC-53DFAF4705A0}.Release|Any CPU.Build.0 = Release|Any CPU
		{7C681F46-BADF-4EB3-9AC9-F293E4C46311}.Debug|Any CPU.ActiveCfg = Debug|Any CPU
		{7C681F46-BADF-4EB3-9AC9-F293E4C46311}.Debug|Any CPU.Build.0 = Debug|Any CPU
		{7C681F46-BADF-4EB3-9AC9-F293E4C46311}.Release|Any CPU.ActiveCfg = Release|Any CPU
		{7C681F46-BADF-4EB3-9AC9-F293E4C46311}.Release|Any CPU.Build.0 = Release|Any CPU
		{6CD142A6-FE2C-4396-AB5A-7289431385AA}.Debug|Any CPU.ActiveCfg = Debug|Any CPU
		{6CD142A6-FE2C-4396-AB5A-7289431385AA}.Debug|Any CPU.Build.0 = Debug|Any CPU
		{6CD142A6-FE2C-4396-AB5A-7289431385AA}.Release|Any CPU.ActiveCfg = Release|Any CPU
		{6CD142A6-FE2C-4396-AB5A-7289431385AA}.Release|Any CPU.Build.0 = Release|Any CPU
		{E7705A76-7935-4796-9771-DA5D6F95E47C}.Debug|Any CPU.ActiveCfg = Debug|Any CPU
		{E7705A76-7935-4796-9771-DA5D6F95E47C}.Debug|Any CPU.Build.0 = Debug|Any CPU
		{E7705A76-7935-4796-9771-DA5D6F95E47C}.Release|Any CPU.ActiveCfg = Release|Any CPU
		{E7705A76-7935-4796-9771-DA5D6F95E47C}.Release|Any CPU.Build.0 = Release|Any CPU
		{0667A232-9849-4E2B-B2B6-AF67DE22A898}.Debug|Any CPU.ActiveCfg = Debug|Any CPU
		{0667A232-9849-4E2B-B2B6-AF67DE22A898}.Debug|Any CPU.Build.0 = Debug|Any CPU
		{0667A232-9849-4E2B-B2B6-AF67DE22A898}.Release|Any CPU.ActiveCfg = Release|Any CPU
		{0667A232-9849-4E2B-B2B6-AF67DE22A898}.Release|Any CPU.Build.0 = Release|Any CPU
		{27CE0001-C054-47C7-B1AC-C4C56F955902}.Debug|Any CPU.ActiveCfg = Debug|Any CPU
		{27CE0001-C054-47C7-B1AC-C4C56F955902}.Debug|Any CPU.Build.0 = Debug|Any CPU
		{27CE0001-C054-47C7-B1AC-C4C56F955902}.Release|Any CPU.ActiveCfg = Release|Any CPU
		{27CE0001-C054-47C7-B1AC-C4C56F955902}.Release|Any CPU.Build.0 = Release|Any CPU
		{D83F1602-B500-4B83-A1E2-5317CEE19D92}.Debug|Any CPU.ActiveCfg = Debug|Any CPU
		{D83F1602-B500-4B83-A1E2-5317CEE19D92}.Debug|Any CPU.Build.0 = Debug|Any CPU
		{D83F1602-B500-4B83-A1E2-5317CEE19D92}.Release|Any CPU.ActiveCfg = Release|Any CPU
		{D83F1602-B500-4B83-A1E2-5317CEE19D92}.Release|Any CPU.Build.0 = Release|Any CPU
		{A14DF8DF-3D07-46D5-97D9-25AC0ED4CAC1}.Debug|Any CPU.ActiveCfg = Debug|Any CPU
		{A14DF8DF-3D07-46D5-97D9-25AC0ED4CAC1}.Debug|Any CPU.Build.0 = Debug|Any CPU
		{A14DF8DF-3D07-46D5-97D9-25AC0ED4CAC1}.Release|Any CPU.ActiveCfg = Release|Any CPU
		{A14DF8DF-3D07-46D5-97D9-25AC0ED4CAC1}.Release|Any CPU.Build.0 = Release|Any CPU
		{42C0C3F8-0B6F-410B-946B-7D49AF2675A2}.Debug|Any CPU.ActiveCfg = Debug|Any CPU
		{42C0C3F8-0B6F-410B-946B-7D49AF2675A2}.Debug|Any CPU.Build.0 = Debug|Any CPU
		{42C0C3F8-0B6F-410B-946B-7D49AF2675A2}.Release|Any CPU.ActiveCfg = Release|Any CPU
		{42C0C3F8-0B6F-410B-946B-7D49AF2675A2}.Release|Any CPU.Build.0 = Release|Any CPU
		{55957354-BD7B-40B2-B3EA-9ED47951DC44}.Debug|Any CPU.ActiveCfg = Debug|Any CPU
		{55957354-BD7B-40B2-B3EA-9ED47951DC44}.Debug|Any CPU.Build.0 = Debug|Any CPU
		{55957354-BD7B-40B2-B3EA-9ED47951DC44}.Release|Any CPU.ActiveCfg = Release|Any CPU
		{55957354-BD7B-40B2-B3EA-9ED47951DC44}.Release|Any CPU.Build.0 = Release|Any CPU
		{9795E4A0-6237-41A4-9CE6-9602E3533078}.Debug|Any CPU.ActiveCfg = Debug|Any CPU
		{9795E4A0-6237-41A4-9CE6-9602E3533078}.Debug|Any CPU.Build.0 = Debug|Any CPU
		{9795E4A0-6237-41A4-9CE6-9602E3533078}.Release|Any CPU.ActiveCfg = Release|Any CPU
		{9795E4A0-6237-41A4-9CE6-9602E3533078}.Release|Any CPU.Build.0 = Release|Any CPU
		{6687BFC6-90E6-49A3-8DC8-EE6306504D9D}.Debug|Any CPU.ActiveCfg = Debug|Any CPU
		{6687BFC6-90E6-49A3-8DC8-EE6306504D9D}.Debug|Any CPU.Build.0 = Debug|Any CPU
		{6687BFC6-90E6-49A3-8DC8-EE6306504D9D}.Release|Any CPU.ActiveCfg = Release|Any CPU
		{6687BFC6-90E6-49A3-8DC8-EE6306504D9D}.Release|Any CPU.Build.0 = Release|Any CPU
		{8A8BB13E-886A-403F-B3BB-27659F40E28B}.Debug|Any CPU.ActiveCfg = Debug|Any CPU
		{8A8BB13E-886A-403F-B3BB-27659F40E28B}.Debug|Any CPU.Build.0 = Debug|Any CPU
		{8A8BB13E-886A-403F-B3BB-27659F40E28B}.Release|Any CPU.ActiveCfg = Release|Any CPU
		{8A8BB13E-886A-403F-B3BB-27659F40E28B}.Release|Any CPU.Build.0 = Release|Any CPU
	EndGlobalSection
	GlobalSection(SolutionProperties) = preSolution
		HideSolutionNode = FALSE
	EndGlobalSection
	GlobalSection(ExtensibilityGlobals) = postSolution
		SolutionGuid = {B34CA9B1-4025-4BAA-83FD-7F0DB7F35396}
	EndGlobalSection
EndGlobal
